{
  "lockfileVersion": 1,
  "workspaces": {
    "": {
      "name": "llm-test",
      "dependencies": {
        "@ai-sdk/anthropic": "^2.0.33",
        "@anthropic-ai/sdk": "^0.67.0",
        "@chainsafe/libp2p-gossipsub": "^14.1.2",
        "@chainsafe/libp2p-noise": "16.1.4",
        "@chainsafe/libp2p-yamux": "7.0.4",
        "@libp2p/identify": "3.0.38",
        "@libp2p/interface": "2.11.0",
        "@libp2p/mdns": "11.0.46",
        "@libp2p/tcp": "10.1.19",
        "ai": "^5.0.76",
        "dotenv": "^17.2.3",
        "libp2p": "2.9.0",
        "loro-crdt": "^1.8.4",
        "zod": "^4.1.12",
      },
      "devDependencies": {
        "@biomejs/biome": "latest",
        "@types/bun": "latest",
      },
      "peerDependencies": {
        "typescript": "^5",
      },
    },
  },
  "packages": {
    "@ai-sdk/anthropic": ["@ai-sdk/anthropic@2.0.37", "", { "dependencies": { "@ai-sdk/provider": "2.0.0", "@ai-sdk/provider-utils": "3.0.12" }, "peerDependencies": { "zod": "^3.25.76 || ^4.1.8" } }, "sha512-r2e9BWoobisH9B5b7x3yYG/k9WlsZqa4D94o7gkwktReqrjjv83zNMop4KmlJsh/zBhbsaP8S8SUfiwK+ESxgg=="],

    "@ai-sdk/gateway": ["@ai-sdk/gateway@2.0.0", "", { "dependencies": { "@ai-sdk/provider": "2.0.0", "@ai-sdk/provider-utils": "3.0.12", "@vercel/oidc": "3.0.3" }, "peerDependencies": { "zod": "^3.25.76 || ^4.1.8" } }, "sha512-Gj0PuawK7NkZuyYgO/h5kDK/l6hFOjhLdTq3/Lli1FTl47iGmwhH1IZQpAL3Z09BeFYWakcwUmn02ovIm2wy9g=="],

    "@ai-sdk/provider": ["@ai-sdk/provider@2.0.0", "", { "dependencies": { "json-schema": "^0.4.0" } }, "sha512-6o7Y2SeO9vFKB8lArHXehNuusnpddKPk7xqL7T2/b+OvXMRIXUO1rR4wcv1hAFUAT9avGZshty3Wlua/XA7TvA=="],

    "@ai-sdk/provider-utils": ["@ai-sdk/provider-utils@3.0.12", "", { "dependencies": { "@ai-sdk/provider": "2.0.0", "@standard-schema/spec": "^1.0.0", "eventsource-parser": "^3.0.5" }, "peerDependencies": { "zod": "^3.25.76 || ^4.1.8" } }, "sha512-ZtbdvYxdMoria+2SlNarEk6Hlgyf+zzcznlD55EAl+7VZvJaSg2sqPvwArY7L6TfDEDJsnCq0fdhBSkYo0Xqdg=="],

    "@anthropic-ai/sdk": ["@anthropic-ai/sdk@0.67.0", "", { "dependencies": { "json-schema-to-ts": "^3.1.1" }, "peerDependencies": { "zod": "^3.25.0 || ^4.0.0" }, "optionalPeers": ["zod"], "bin": { "anthropic-ai-sdk": "bin/cli" } }, "sha512-Buxbf6jYJ+pPtfCgXe1pcFtZmdXPrbdqhBjiscFt9irS1G0hCsmR/fPA+DwKTk4GPjqeNnnCYNecXH6uVZ4G/A=="],

    "@babel/runtime": ["@babel/runtime@7.28.4", "", {}, "sha512-Q/N6JNWvIvPnLDvjlE1OUBLPQHH6l3CltCEsHIujp45zQUSSh8K+gHnaEX45yAT1nyngnINhvWtzN+Nb9D8RAQ=="],

    "@biomejs/biome": ["@biomejs/biome@2.2.7", "", { "optionalDependencies": { "@biomejs/cli-darwin-arm64": "2.2.7", "@biomejs/cli-darwin-x64": "2.2.7", "@biomejs/cli-linux-arm64": "2.2.7", "@biomejs/cli-linux-arm64-musl": "2.2.7", "@biomejs/cli-linux-x64": "2.2.7", "@biomejs/cli-linux-x64-musl": "2.2.7", "@biomejs/cli-win32-arm64": "2.2.7", "@biomejs/cli-win32-x64": "2.2.7" }, "bin": { "biome": "bin/biome" } }, "sha512-1a8j0UP1vXVUf3UzMZEJ/zS2VgAG6wU6Cuh/I764sUGI+MCnJs/9WaojHYBDCxCMLTgU60/WqnYof85emXmSBA=="],

    "@biomejs/cli-darwin-arm64": ["@biomejs/cli-darwin-arm64@2.2.7", "", { "os": "darwin", "cpu": "arm64" }, "sha512-xBUUsebnO2/Qj1v7eZmKUy2ZcFkZ4/jLUkxN02Qup1RPoRaiW9AKXHrqS3L7iX6PzofHY2xuZ+Pb9kAcpoe0qA=="],

    "@biomejs/cli-darwin-x64": ["@biomejs/cli-darwin-x64@2.2.7", "", { "os": "darwin", "cpu": "x64" }, "sha512-vsY4NhmxqgfLJufr9XUnC+yGUPJiXAc1mz6FcjaAmuIuLwfghN4uQO7hnW2AneGyoi2mNe9Jbvf6Qtq4AjzrFg=="],

    "@biomejs/cli-linux-arm64": ["@biomejs/cli-linux-arm64@2.2.7", "", { "os": "linux", "cpu": "arm64" }, "sha512-nUdco104rjV9dULi1VssQ5R/kX2jE/Z2sDjyqS+siV9sTQda0DwmEUixFNRCWvZJRRiZUWhgiDFJ4n7RowO8Mg=="],

    "@biomejs/cli-linux-arm64-musl": ["@biomejs/cli-linux-arm64-musl@2.2.7", "", { "os": "linux", "cpu": "arm64" }, "sha512-FrTwvKO/7t5HbVTvhlMOTOVQLAcR7r4O4iFQhEpZXUtBfosHqrX/JJlX7daPawoe14MDcCu9CDg0zLVpTuDvuQ=="],

    "@biomejs/cli-linux-x64": ["@biomejs/cli-linux-x64@2.2.7", "", { "os": "linux", "cpu": "x64" }, "sha512-tPTcGAIEOOZrj2tQ7fdraWlaxNKApBw6l4In8wQQV1IyxnAexqi0hykHzKEX8hKKctf5gxGBfNCzyIvqpj4CFQ=="],

    "@biomejs/cli-linux-x64-musl": ["@biomejs/cli-linux-x64-musl@2.2.7", "", { "os": "linux", "cpu": "x64" }, "sha512-MnsysF5s/iLC5wnYvuMseOy+m8Pd4bWG1uwlVyy2AUbfjAVUgtbYbboc5wMXljFrDY7e6rLjLTR4S2xqDpGlQg=="],

    "@biomejs/cli-win32-arm64": ["@biomejs/cli-win32-arm64@2.2.7", "", { "os": "win32", "cpu": "arm64" }, "sha512-h5D1jhwA2b7cFXerYiJfXHSzzAMFFoEDL5Mc2BgiaEw0iaSgSso/3Nc6FbOR55aTQISql+IpB4PS7JoV26Gdbw=="],

    "@biomejs/cli-win32-x64": ["@biomejs/cli-win32-x64@2.2.7", "", { "os": "win32", "cpu": "x64" }, "sha512-URqAJi0kONyBKG4V9NVafHLDtm6IHmF4qPYi/b6x7MD6jxpWeJiTCO6R5+xDlWckX2T/OGv6Yq3nkz6s0M8Ykw=="],

    "@chainsafe/as-chacha20poly1305": ["@chainsafe/as-chacha20poly1305@0.1.0", "", {}, "sha512-BpNcL8/lji/GM3+vZ/bgRWqJ1q5kwvTFmGPk7pxm/QQZDbaMI98waOHjEymTjq2JmdD/INdNBFOVSyJofXg7ew=="],

    "@chainsafe/as-sha256": ["@chainsafe/as-sha256@1.2.0", "", {}, "sha512-H2BNHQ5C3RS+H0ZvOdovK6GjFAyq5T6LClad8ivwj9Oaiy28uvdsGVS7gNJKuZmg0FGHAI+n7F0Qju6U0QkKDA=="],

    "@chainsafe/is-ip": ["@chainsafe/is-ip@2.1.0", "", {}, "sha512-KIjt+6IfysQ4GCv66xihEitBjvhU/bixbbbFxdJ1sqCp4uJ0wuZiYBPhksZoy4lfaF0k9cwNzY5upEW/VWdw3w=="],

    "@chainsafe/libp2p-gossipsub": ["@chainsafe/libp2p-gossipsub@14.1.2", "", { "dependencies": { "@libp2p/crypto": "^5.0.0", "@libp2p/interface": "^2.0.0", "@libp2p/interface-internal": "^2.0.0", "@libp2p/peer-id": "^5.0.0", "@libp2p/pubsub": "^10.0.0", "@multiformats/multiaddr": "^12.1.14", "denque": "^2.1.0", "it-length-prefixed": "^9.0.4", "it-pipe": "^3.0.1", "it-pushable": "^3.2.3", "multiformats": "^13.0.1", "protons-runtime": "^5.5.0", "uint8arraylist": "^2.4.8", "uint8arrays": "^5.0.1" } }, "sha512-HuyB1dO+GwqpbvKhq2TdrsvrtNt19iOWLEfjy2N3ItYY1gA2F67KtCOLmZ1NlEcCbjFDg+qRffQMjgkDwHSFOg=="],

    "@chainsafe/libp2p-noise": ["@chainsafe/libp2p-noise@16.1.4", "", { "dependencies": { "@chainsafe/as-chacha20poly1305": "^0.1.0", "@chainsafe/as-sha256": "^1.0.0", "@libp2p/crypto": "^5.0.0", "@libp2p/interface": "^2.9.0", "@libp2p/peer-id": "^5.0.0", "@noble/ciphers": "^1.1.3", "@noble/curves": "^1.1.0", "@noble/hashes": "^1.3.1", "it-length-prefixed": "^10.0.1", "it-length-prefixed-stream": "^2.0.1", "it-pair": "^2.0.6", "it-pipe": "^3.0.1", "it-stream-types": "^2.0.1", "protons-runtime": "^5.5.0", "uint8arraylist": "^2.4.3", "uint8arrays": "^5.0.0", "wherearewe": "^2.0.1" } }, "sha512-f4FlyRVndcs4PoioOIZWrFc6wfO/mrAj7H63o0+eA0O2xhcoRkxHh6zna4W+WtScaF/Ua/UULgiNGuKNpLvLlQ=="],

    "@chainsafe/libp2p-yamux": ["@chainsafe/libp2p-yamux@7.0.4", "", { "dependencies": { "@libp2p/interface": "^2.0.0", "@libp2p/utils": "^6.0.0", "get-iterator": "^2.0.1", "it-foreach": "^2.0.6", "it-pushable": "^3.2.3", "it-stream-types": "^2.0.1", "race-signal": "^1.1.3", "uint8arraylist": "^2.4.8" } }, "sha512-Qw+EB9ew/9hRCq9V702gkm5xXThFHQ3Bdvh01M+enI1RScriSDWFGod02dwNHUxsYRc743i49sLlHp0edC7hSQ=="],

    "@chainsafe/netmask": ["@chainsafe/netmask@2.0.0", "", { "dependencies": { "@chainsafe/is-ip": "^2.0.1" } }, "sha512-I3Z+6SWUoaljh3TBzCnCxjlUyN8tA+NAk5L6m9IxvCf1BENQTePzPMis97CoN/iMW1St3WN+AWCCRp+TTBRiDg=="],

    "@leichtgewicht/ip-codec": ["@leichtgewicht/ip-codec@2.0.5", "", {}, "sha512-Vo+PSpZG2/fmgmiNzYK9qWRh8h/CHrwD0mo1h1DzL4yzHNSfWYujGTYsWGreD000gcgmZ7K4Ys6Tx9TxtsKdDw=="],

    "@libp2p/crypto": ["@libp2p/crypto@5.1.12", "", { "dependencies": { "@libp2p/interface": "^3.0.2", "@noble/curves": "^2.0.1", "@noble/hashes": "^2.0.1", "multiformats": "^13.4.0", "protons-runtime": "^5.6.0", "uint8arraylist": "^2.4.8", "uint8arrays": "^5.1.0" } }, "sha512-1yJS0BZj+HF4M3Uv/92y3oIbMcCar218accFBcX+nKVhBlwDbx6fkUURhs5GilIhMgDtir+qQ8Un1hwF4CgGzw=="],

    "@libp2p/identify": ["@libp2p/identify@3.0.38", "", { "dependencies": { "@libp2p/crypto": "^5.1.7", "@libp2p/interface": "^2.10.5", "@libp2p/interface-internal": "^2.3.18", "@libp2p/peer-id": "^5.1.8", "@libp2p/peer-record": "^8.0.34", "@libp2p/utils": "^6.7.1", "@multiformats/multiaddr": "^12.4.4", "@multiformats/multiaddr-matcher": "^2.0.0", "it-drain": "^3.0.9", "it-parallel": "^3.0.11", "it-protobuf-stream": "^2.0.2", "main-event": "^1.0.1", "protons-runtime": "^5.5.0", "uint8arraylist": "^2.4.8", "uint8arrays": "^5.1.0" } }, "sha512-2eCZU5CSTvyt78jtMLQ88m6Rlrcrt7BVccGHsdjx8hguvFYWqBjq19RQ5Zm47bbHlNzjLwrAUi6vfKx2r7fKIg=="],

    "@libp2p/interface": ["@libp2p/interface@2.11.0", "", { "dependencies": { "@multiformats/dns": "^1.0.6", "@multiformats/multiaddr": "^12.4.4", "it-pushable": "^3.2.3", "it-stream-types": "^2.0.2", "main-event": "^1.0.1", "multiformats": "^13.3.6", "progress-events": "^1.0.1", "uint8arraylist": "^2.4.8" } }, "sha512-0MUFKoXWHTQW3oWIgSHApmYMUKWO/Y02+7Hpyp+n3z+geD4Xo2Rku2gYWmxcq+Pyjkz6Q9YjDWz3Yb2SoV2E8Q=="],

    "@libp2p/interface-internal": ["@libp2p/interface-internal@2.3.19", "", { "dependencies": { "@libp2p/interface": "^2.11.0", "@libp2p/peer-collections": "^6.0.35", "@multiformats/multiaddr": "^12.4.4", "progress-events": "^1.0.1" } }, "sha512-v335EB0i5CaNF+0SqT01CTBp0VyjJizpy46KprcshFFjX16UQ8+/QzoTZqmot9WiAmAzwR0b87oKmlAE9cpxzQ=="],

    "@libp2p/logger": ["@libp2p/logger@5.2.0", "", { "dependencies": { "@libp2p/interface": "^2.11.0", "@multiformats/multiaddr": "^12.4.4", "interface-datastore": "^8.3.1", "multiformats": "^13.3.6", "weald": "^1.0.4" } }, "sha512-OEFS529CnIKfbWEHmuCNESw9q0D0hL8cQ8klQfjIVPur15RcgAEgc1buQ7Y6l0B6tCYg120bp55+e9tGvn8c0g=="],

    "@libp2p/mdns": ["@libp2p/mdns@11.0.46", "", { "dependencies": { "@libp2p/interface": "^2.10.5", "@libp2p/interface-internal": "^2.3.18", "@libp2p/peer-id": "^5.1.8", "@libp2p/utils": "^6.7.1", "@multiformats/multiaddr": "^12.4.4", "@types/multicast-dns": "^7.2.4", "dns-packet": "^5.6.1", "main-event": "^1.0.1", "multicast-dns": "^7.2.5" } }, "sha512-7E3kkdzXe6x+6lBc3ogniJJubaxz6SCAASi70Ne2NWZSMCOYaCjtGtnh5/Ddtel80ZJl92C/0nj9T4Gtgtr+Zg=="],

    "@libp2p/multistream-select": ["@libp2p/multistream-select@6.0.29", "", { "dependencies": { "@libp2p/interface": "^2.11.0", "it-length-prefixed": "^10.0.1", "it-length-prefixed-stream": "^2.0.2", "it-stream-types": "^2.0.2", "p-defer": "^4.0.1", "race-signal": "^1.1.3", "uint8-varint": "^2.0.4", "uint8arraylist": "^2.4.8", "uint8arrays": "^5.1.0" } }, "sha512-SWQbPcABOIpznEY7+vAp0Y3HNrE2PlaVY4EywN0lUZ7zvTv9VnAb7av3/gMvfaLI+YrOvhCr1mZ9qbSB93k4kA=="],

    "@libp2p/peer-collections": ["@libp2p/peer-collections@6.0.35", "", { "dependencies": { "@libp2p/interface": "^2.11.0", "@libp2p/peer-id": "^5.1.9", "@libp2p/utils": "^6.7.2", "multiformats": "^13.3.6" } }, "sha512-QiloK3T7DXW7R2cpL38dBnALCHf5pMzs/TyFzlEK33WezA2YFVoj7CtOJKqbn29bmV9uspWOxMgfmLUXf8ALvA=="],

    "@libp2p/peer-id": ["@libp2p/peer-id@5.1.9", "", { "dependencies": { "@libp2p/crypto": "^5.1.8", "@libp2p/interface": "^2.11.0", "multiformats": "^13.3.6", "uint8arrays": "^5.1.0" } }, "sha512-cVDp7lX187Epmi/zr0Qq2RsEMmueswP9eIxYSFoMcHL/qcvRFhsxOfUGB8361E26s2WJvC9sXZ0oJS9XVueJhQ=="],

    "@libp2p/peer-record": ["@libp2p/peer-record@8.0.35", "", { "dependencies": { "@libp2p/crypto": "^5.1.8", "@libp2p/interface": "^2.11.0", "@libp2p/peer-id": "^5.1.9", "@libp2p/utils": "^6.7.2", "@multiformats/multiaddr": "^12.4.4", "multiformats": "^13.3.6", "protons-runtime": "^5.5.0", "uint8-varint": "^2.0.4", "uint8arraylist": "^2.4.8", "uint8arrays": "^5.1.0" } }, "sha512-0818zvjKbucq5XBnusG8oSWxJ992rVry/2qlfcn/nyK/uDrZ12tjDYHNMCoOWTNeFvFUVkMg9pRkvXvTNp6Yiw=="],

    "@libp2p/peer-store": ["@libp2p/peer-store@11.2.7", "", { "dependencies": { "@libp2p/crypto": "^5.1.8", "@libp2p/interface": "^2.11.0", "@libp2p/peer-collections": "^6.0.35", "@libp2p/peer-id": "^5.1.9", "@libp2p/peer-record": "^8.0.35", "@multiformats/multiaddr": "^12.4.4", "interface-datastore": "^8.3.1", "it-all": "^3.0.8", "main-event": "^1.0.1", "mortice": "^3.2.1", "multiformats": "^13.3.6", "protons-runtime": "^5.5.0", "uint8arraylist": "^2.4.8", "uint8arrays": "^5.1.0" } }, "sha512-dwTM+0i7mAgAnZvMHghgGcFoWPGaTbKx2nBueMd2Yg38mCs9WeambmR6gQdjwvYpybvNgFDAA+XesCKCotuczg=="],

    "@libp2p/pubsub": ["@libp2p/pubsub@10.1.18", "", { "dependencies": { "@libp2p/crypto": "^5.1.8", "@libp2p/interface": "^2.11.0", "@libp2p/interface-internal": "^2.3.19", "@libp2p/peer-collections": "^6.0.35", "@libp2p/peer-id": "^5.1.9", "@libp2p/utils": "^6.7.2", "it-length-prefixed": "^10.0.1", "it-pipe": "^3.0.1", "it-pushable": "^3.2.3", "main-event": "^1.0.1", "multiformats": "^13.3.6", "p-queue": "^8.1.0", "uint8arraylist": "^2.4.8", "uint8arrays": "^5.1.0" } }, "sha512-Bxa0cwkaQvadyJNlJlzH0m1eo7m03G2nCpuKbcv+i0qNbyyTOydBcuoslG/UWFYhRBB9Js9R6zNIsaIgpo+iGw=="],

    "@libp2p/tcp": ["@libp2p/tcp@10.1.19", "", { "dependencies": { "@libp2p/interface": "^2.11.0", "@libp2p/utils": "^6.7.2", "@multiformats/multiaddr": "^12.4.4", "@multiformats/multiaddr-matcher": "^2.0.0", "@types/sinon": "^17.0.4", "main-event": "^1.0.1", "p-defer": "^4.0.1", "p-event": "^6.0.1", "progress-events": "^1.0.1", "race-event": "^1.3.0", "stream-to-it": "^1.0.1" } }, "sha512-Z+s1n7gBexc32d+DUhOGgQpA8HVukubmNJHzolzZPqly5DYkG2f6SIelitp+M5tDYOPH/43EH9pPSSZ3vUuOwQ=="],

    "@libp2p/utils": ["@libp2p/utils@6.7.2", "", { "dependencies": { "@chainsafe/is-ip": "^2.1.0", "@chainsafe/netmask": "^2.0.0", "@libp2p/crypto": "^5.1.8", "@libp2p/interface": "^2.11.0", "@libp2p/logger": "^5.2.0", "@multiformats/multiaddr": "^12.4.4", "@sindresorhus/fnv1a": "^3.1.0", "any-signal": "^4.1.1", "delay": "^6.0.0", "get-iterator": "^2.0.1", "is-loopback-addr": "^2.0.2", "is-plain-obj": "^4.1.0", "it-foreach": "^2.1.3", "it-pipe": "^3.0.1", "it-pushable": "^3.2.3", "it-stream-types": "^2.0.2", "main-event": "^1.0.1", "netmask": "^2.0.2", "p-defer": "^4.0.1", "race-event": "^1.3.0", "race-signal": "^1.1.3", "uint8arraylist": "^2.4.8", "uint8arrays": "^5.1.0" } }, "sha512-yglVPcYErb4al3MMTdedVLLsdUvr5KaqrrxohxTl/FXMFBvBs0o3w8lo29nfnTUpnNSHFhWZ9at0ZGNnpT/C/w=="],

    "@multiformats/dns": ["@multiformats/dns@1.0.10", "", { "dependencies": { "buffer": "^6.0.3", "dns-packet": "^5.6.1", "hashlru": "^2.3.0", "p-queue": "^9.0.0", "progress-events": "^1.0.0", "uint8arrays": "^5.0.2" } }, "sha512-6X200ceQLns0b/CU0S/So16tGjB5eIXHJ1xvJMPoWaKFHWSgfpW2EhkWJrqap4U3+c37zcowVR0ToPXeYEL7Vw=="],

    "@multiformats/multiaddr": ["@multiformats/multiaddr@12.5.1", "", { "dependencies": { "@chainsafe/is-ip": "^2.0.1", "@chainsafe/netmask": "^2.0.0", "@multiformats/dns": "^1.0.3", "abort-error": "^1.0.1", "multiformats": "^13.0.0", "uint8-varint": "^2.0.1", "uint8arrays": "^5.0.0" } }, "sha512-+DDlr9LIRUS8KncI1TX/FfUn8F2dl6BIxJgshS/yFQCNB5IAF0OGzcwB39g5NLE22s4qqDePv0Qof6HdpJ/4aQ=="],

    "@multiformats/multiaddr-matcher": ["@multiformats/multiaddr-matcher@2.0.2", "", { "dependencies": { "@multiformats/multiaddr": "^12.0.0" } }, "sha512-si7EZCI93mfBJKKRkh+u2bB9W6W5APVN3XfdwuseEJ0OS7ysg0Jno9SuAi0bRzsl5OEFESoF71SjsRqgp8PXAA=="],

    "@noble/ciphers": ["@noble/ciphers@1.3.0", "", {}, "sha512-2I0gnIVPtfnMw9ee9h1dJG7tp81+8Ob3OJb3Mv37rx5L40/b0i7djjCVvGOVqc9AEIQyvyu1i6ypKdFw8R8gQw=="],

    "@noble/curves": ["@noble/curves@1.9.7", "", { "dependencies": { "@noble/hashes": "1.8.0" } }, "sha512-gbKGcRUYIjA3/zCCNaWDciTMFI0dCkvou3TL8Zmy5Nc7sJ47a0jtOeZoTaMxkuqRo9cRhjOdZJXegxYE5FN/xw=="],

    "@noble/hashes": ["@noble/hashes@1.8.0", "", {}, "sha512-jCs9ldd7NwzpgXDIf6P3+NrHh9/sD6CQdxHyjQI+h/6rDNo88ypBxxz45UDuZHz9r3tNz7N/VInSVoVdtXEI4A=="],

    "@opentelemetry/api": ["@opentelemetry/api@1.9.0", "", {}, "sha512-3giAOQvZiH5F9bMlMiv8+GSPMeqg0dbaeo58/0SlA9sxSqZhnUtxzX9/2FzyhS9sWQf5S0GJE0AKBrFqjpeYcg=="],

    "@sindresorhus/fnv1a": ["@sindresorhus/fnv1a@3.1.0", "", {}, "sha512-KV321z5m/0nuAg83W1dPLy85HpHDk7Sdi4fJbwvacWsEhAh+rZUW4ZfGcXmUIvjZg4ss2bcwNlRhJ7GBEUG08w=="],

    "@standard-schema/spec": ["@standard-schema/spec@1.0.0", "", {}, "sha512-m2bOd0f2RT9k8QJx1JN85cZYyH1RqFBdlwtkSlf4tBDYLCiiZnv1fIIwacK6cqwXavOydf0NPToMQgpKq+dVlA=="],

    "@types/bun": ["@types/bun@1.3.0", "", { "dependencies": { "bun-types": "1.3.0" } }, "sha512-+lAGCYjXjip2qY375xX/scJeVRmZ5cY0wyHYyCYxNcdEXrQ4AOe3gACgd4iQ8ksOslJtW4VNxBJ8llUwc3a6AA=="],

    "@types/dns-packet": ["@types/dns-packet@5.6.5", "", { "dependencies": { "@types/node": "*" } }, "sha512-qXOC7XLOEe43ehtWJCMnQXvgcIpv6rPmQ1jXT98Ad8A3TB1Ue50jsCbSSSyuazScEuZ/Q026vHbrOTVkmwA+7Q=="],

    "@types/multicast-dns": ["@types/multicast-dns@7.2.4", "", { "dependencies": { "@types/dns-packet": "*", "@types/node": "*" } }, "sha512-ib5K4cIDR4Ro5SR3Sx/LROkMDa0BHz0OPaCBL/OSPDsAXEGZ3/KQeS6poBKYVN7BfjXDL9lWNwzyHVgt/wkyCw=="],

    "@types/node": ["@types/node@24.9.1", "", { "dependencies": { "undici-types": "~7.16.0" } }, "sha512-QoiaXANRkSXK6p0Duvt56W208du4P9Uye9hWLWgGMDTEoKPhuenzNcC4vGUmrNkiOKTlIrBoyNQYNpSwfEZXSg=="],

    "@types/react": ["@types/react@19.2.2", "", { "dependencies": { "csstype": "^3.0.2" } }, "sha512-6mDvHUFSjyT2B2yeNx2nUgMxh9LtOWvkhIU3uePn2I2oyNymUAX1NIsdgviM4CH+JSrp2D2hsMvJOkxY+0wNRA=="],

    "@types/retry": ["@types/retry@0.12.2", "", {}, "sha512-XISRgDJ2Tc5q4TRqvgJtzsRkFYNJzZrhTdtMoGVBttwzzQJkPnS3WWTFc7kuDRoPtPakl+T+OfdEUjYJj7Jbow=="],

    "@types/sinon": ["@types/sinon@17.0.4", "", { "dependencies": { "@types/sinonjs__fake-timers": "*" } }, "sha512-RHnIrhfPO3+tJT0s7cFaXGZvsL4bbR3/k7z3P312qMS4JaS2Tk+KiwiLx1S0rQ56ERj00u1/BtdyVd0FY+Pdew=="],

    "@types/sinonjs__fake-timers": ["@types/sinonjs__fake-timers@15.0.0", "", {}, "sha512-lqKG4X0fO3aJF7Bz590vuCkFt/inbDyL7FXaVjPEYO+LogMZ2fwSDUiP7bJvdYHaCgCQGNOPxquzSrrnVH3fGw=="],

    "@vercel/oidc": ["@vercel/oidc@3.0.3", "", {}, "sha512-yNEQvPcVrK9sIe637+I0jD6leluPxzwJKx/Haw6F4H77CdDsszUn5V3o96LPziXkSNE2B83+Z3mjqGKBK/R6Gg=="],

    "abort-error": ["abort-error@1.0.1", "", {}, "sha512-fxqCblJiIPdSXIUrxI0PL+eJG49QdP9SQ70qtB65MVAoMr2rASlOyAbJFOylfB467F/f+5BCLJJq58RYi7mGfg=="],

    "ai": ["ai@5.0.76", "", { "dependencies": { "@ai-sdk/gateway": "2.0.0", "@ai-sdk/provider": "2.0.0", "@ai-sdk/provider-utils": "3.0.12", "@opentelemetry/api": "1.9.0" }, "peerDependencies": { "zod": "^3.25.76 || ^4.1.8" } }, "sha512-ZCxi1vrpyCUnDbtYrO/W8GLvyacV9689f00yshTIQ3mFFphbD7eIv40a2AOZBv3GGRA7SSRYIDnr56wcS/gyQg=="],

    "any-signal": ["any-signal@4.1.1", "", {}, "sha512-iADenERppdC+A2YKbOXXB2WUeABLaM6qnpZ70kZbPZ1cZMMJ7eF+3CaYm+/PhBizgkzlvssC7QuHS30oOiQYWA=="],

    "base64-js": ["base64-js@1.5.1", "", {}, "sha512-AKpaYlHn8t4SVbOHCy+b5+KKgvR4vrsD8vbvrbiQJps7fKDTkjkDry6ji0rUJjC0kzbNePLwzxq8iypo41qeWA=="],

    "buffer": ["buffer@6.0.3", "", { "dependencies": { "base64-js": "^1.3.1", "ieee754": "^1.2.1" } }, "sha512-FTiCpNxtwiZZHEZbcbTIcZjERVICn9yq/pDFkTl95/AxzD1naBctN7YO68riM/gLSDY7sdrMby8hofADYuuqOA=="],

    "bun-types": ["bun-types@1.3.0", "", { "dependencies": { "@types/node": "*" }, "peerDependencies": { "@types/react": "^19" } }, "sha512-u8X0thhx+yJ0KmkxuEo9HAtdfgCBaM/aI9K90VQcQioAmkVp3SG3FkwWGibUFz3WdXAdcsqOcbU40lK7tbHdkQ=="],

    "csstype": ["csstype@3.1.3", "", {}, "sha512-M1uQkMl8rQK/szD0LNhtqxIPLpimGm8sOBwU7lLnCpSbTyY3yeU1Vc7l4KT5zT4s/yOxHH5O7tIuuLOCnLADRw=="],

    "datastore-core": ["datastore-core@10.0.4", "", { "dependencies": { "@libp2p/logger": "^5.1.18", "interface-datastore": "^8.0.0", "interface-store": "^6.0.0", "it-drain": "^3.0.9", "it-filter": "^3.1.3", "it-map": "^3.1.3", "it-merge": "^3.0.11", "it-pipe": "^3.0.1", "it-sort": "^3.0.8", "it-take": "^3.0.8" } }, "sha512-IctgCO0GA7GHG7aRm3JRruibCsfvN4EXNnNIlLCZMKIv0TPkdAL5UFV3/xTYFYrrZ1jRNrXZNZRvfcVf/R+rAw=="],

    "delay": ["delay@6.0.0", "", {}, "sha512-2NJozoOHQ4NuZuVIr5CWd0iiLVIRSDepakaovIN+9eIDHEhdCAEvSy2cuf1DCrPPQLvHmbqTHODlhHg8UCy4zw=="],

    "denque": ["denque@2.1.0", "", {}, "sha512-HVQE3AAb/pxF8fQAoiqpvg9i3evqug3hoiwakOyZAwJm+6vZehbkYXZ0l4JxS+I3QxM97v5aaRNhj8v5oBhekw=="],

    "dns-packet": ["dns-packet@5.6.1", "", { "dependencies": { "@leichtgewicht/ip-codec": "^2.0.1" } }, "sha512-l4gcSouhcgIKRvyy99RNVOgxXiicE+2jZoNmaNmZ6JXiGajBOJAesk1OBlJuM5k2c+eudGdLxDqXuPCKIj6kpw=="],

    "dotenv": ["dotenv@17.2.3", "", {}, "sha512-JVUnt+DUIzu87TABbhPmNfVdBDt18BLOWjMUFJMSi/Qqg7NTYtabbvSNJGOJ7afbRuv9D/lngizHtP7QyLQ+9w=="],

    "eventemitter3": ["eventemitter3@5.0.1", "", {}, "sha512-GWkBvjiSZK87ELrYOSESUYeVIc9mvLLf/nXalMOS5dYrgZq9o5OVkbZAVM06CVxYsCwH9BDZFPlQTlPA1j4ahA=="],

    "eventsource-parser": ["eventsource-parser@3.0.6", "", {}, "sha512-Vo1ab+QXPzZ4tCa8SwIHJFaSzy4R6SHf7BY79rFBDf0idraZWAkYrDjDj8uWaSm3S2TK+hJ7/t1CEmZ7jXw+pg=="],

    "get-iterator": ["get-iterator@2.0.1", "", {}, "sha512-7HuY/hebu4gryTDT7O/XY/fvY9wRByEGdK6QOa4of8npTcv0+NS6frFKABcf6S9EBAsveTuKTsZQQBFMMNILIg=="],

    "hashlru": ["hashlru@2.3.0", "", {}, "sha512-0cMsjjIC8I+D3M44pOQdsy0OHXGLVz6Z0beRuufhKa0KfaD2wGwAev6jILzXsd3/vpnNQJmWyZtIILqM1N+n5A=="],

    "ieee754": ["ieee754@1.2.1", "", {}, "sha512-dcyqhDvX1C46lXZcVqCpK+FtMRQVdIMN6/Df5js2zouUsqG7I6sFxitIC+7KYK29KdXOLHdu9zL4sFnoVQnqaA=="],

    "interface-datastore": ["interface-datastore@8.3.2", "", { "dependencies": { "interface-store": "^6.0.0", "uint8arrays": "^5.1.0" } }, "sha512-R3NLts7pRbJKc3qFdQf+u40hK8XWc0w4Qkx3OFEstC80VoaDUABY/dXA2EJPhtNC+bsrf41Ehvqb6+pnIclyRA=="],

    "interface-store": ["interface-store@6.0.3", "", {}, "sha512-+WvfEZnFUhRwFxgz+QCQi7UC6o9AM0EHM9bpIe2Nhqb100NHCsTvNAn4eJgvgV2/tmLo1MP9nGxQKEcZTAueLA=="],

    "is-electron": ["is-electron@2.2.2", "", {}, "sha512-FO/Rhvz5tuw4MCWkpMzHFKWD2LsfHzIb7i6MdPYZ/KW7AlxawyLkqdy+jPZP1WubqEADE3O4FUENlJHDfQASRg=="],

    "is-loopback-addr": ["is-loopback-addr@2.0.2", "", {}, "sha512-26POf2KRCno/KTNL5Q0b/9TYnL00xEsSaLfiFRmjM7m7Lw7ZMmFybzzuX4CcsLAluZGd+niLUiMRxEooVE3aqg=="],

    "is-network-error": ["is-network-error@1.3.0", "", {}, "sha512-6oIwpsgRfnDiyEDLMay/GqCl3HoAtH5+RUKW29gYkL0QA+ipzpDLA16yQs7/RHCSu+BwgbJaOUqa4A99qNVQVw=="],

    "is-plain-obj": ["is-plain-obj@4.1.0", "", {}, "sha512-+Pgi+vMuUNkJyExiMBt5IlFoMyKnr5zhJ4Uspz58WOhBF5QoIZkFyNHIbBAtHwzVAgk5RtndVNsDRN61/mmDqg=="],

    "it-all": ["it-all@3.0.9", "", {}, "sha512-fz1oJJ36ciGnu2LntAlE6SA97bFZpW7Rnt0uEc1yazzR2nKokZLr8lIRtgnpex4NsmaBcvHF+Z9krljWFy/mmg=="],

    "it-byte-stream": ["it-byte-stream@2.0.3", "", { "dependencies": { "abort-error": "^1.0.1", "it-queueless-pushable": "^2.0.0", "it-stream-types": "^2.0.2", "race-signal": "^1.1.3", "uint8arraylist": "^2.4.8" } }, "sha512-h7FFcn4DWiWsJw1dCJhuPdiY8cGi1z8g4aLAfFspTaJbwQxvEMlEBFG/f8lIVGwM8YK26ClM4/9lxLVhF33b8g=="],

    "it-drain": ["it-drain@3.0.10", "", {}, "sha512-0w/bXzudlyKIyD1+rl0xUKTI7k4cshcS43LTlBiGFxI8K1eyLydNPxGcsVLsFVtKh1/ieS8AnVWt6KwmozxyEA=="],

    "it-filter": ["it-filter@3.1.4", "", { "dependencies": { "it-peekable": "^3.0.0" } }, "sha512-80kWEKgiFEa4fEYD3mwf2uygo1dTQ5Y5midKtL89iXyjinruA/sNXl6iFkTcdNedydjvIsFhWLiqRPQP4fAwWQ=="],

    "it-foreach": ["it-foreach@2.1.4", "", { "dependencies": { "it-peekable": "^3.0.0" } }, "sha512-gFntBbNLpVK9uDmaHusugICD8/Pp+OCqbF5q1Z8K+B8WaG20YgMePWbMxI1I25+JmNWWr3hk0ecKyiI9pOLgeA=="],

    "it-length-prefixed": ["it-length-prefixed@9.1.1", "", { "dependencies": { "it-reader": "^6.0.1", "it-stream-types": "^2.0.1", "uint8-varint": "^2.0.1", "uint8arraylist": "^2.0.0", "uint8arrays": "^5.0.1" } }, "sha512-O88nBweT6M9ozsmok68/auKH7ik/slNM4pYbM9lrfy2z5QnpokW5SlrepHZDKtN71llhG2sZvd6uY4SAl+lAQg=="],

    "it-length-prefixed-stream": ["it-length-prefixed-stream@2.0.3", "", { "dependencies": { "abort-error": "^1.0.1", "it-byte-stream": "^2.0.0", "it-stream-types": "^2.0.2", "uint8-varint": "^2.0.4", "uint8arraylist": "^2.4.8" } }, "sha512-Ns3jNFy2mcFnV59llCYitJnFHapg8wIcOsWkEaAwOkG9v4HBCk24nze/zGDQjiJdDTyFXTT5GOY3M/uaksot3w=="],

    "it-map": ["it-map@3.1.4", "", { "dependencies": { "it-peekable": "^3.0.0" } }, "sha512-QB9PYQdE9fUfpVFYfSxBIyvKynUCgblb143c+ktTK6ZuKSKkp7iH58uYFzagqcJ5HcqIfn1xbfaralHWam+3fg=="],

    "it-merge": ["it-merge@3.0.12", "", { "dependencies": { "it-queueless-pushable": "^2.0.0" } }, "sha512-nnnFSUxKlkZVZD7c0jYw6rDxCcAQYcMsFj27thf7KkDhpj0EA0g9KHPxbFzHuDoc6US2EPS/MtplkNj8sbCx4Q=="],

    "it-pair": ["it-pair@2.0.6", "", { "dependencies": { "it-stream-types": "^2.0.1", "p-defer": "^4.0.0" } }, "sha512-5M0t5RAcYEQYNG5BV7d7cqbdwbCAp5yLdzvkxsZmkuZsLbTdZzah6MQySYfaAQjNDCq6PUnDt0hqBZ4NwMfW6g=="],

    "it-parallel": ["it-parallel@3.0.13", "", { "dependencies": { "p-defer": "^4.0.1" } }, "sha512-85PPJ/O8q97Vj9wmDTSBBXEkattwfQGruXitIzrh0RLPso6RHfiVqkuTqBNufYYtB1x6PSkh0cwvjmMIkFEPHA=="],

    "it-peekable": ["it-peekable@3.0.8", "", {}, "sha512-7IDBQKSp/dtBxXV3Fj0v3qM1jftJ9y9XrWLRIuU1X6RdKqWiN60syNwP0fiDxZD97b8SYM58dD3uklIk1TTQAw=="],

    "it-pipe": ["it-pipe@3.0.1", "", { "dependencies": { "it-merge": "^3.0.0", "it-pushable": "^3.1.2", "it-stream-types": "^2.0.1" } }, "sha512-sIoNrQl1qSRg2seYSBH/3QxWhJFn9PKYvOf/bHdtCBF0bnghey44VyASsWzn5dAx0DCDDABq1hZIuzKmtBZmKA=="],

    "it-protobuf-stream": ["it-protobuf-stream@2.0.3", "", { "dependencies": { "abort-error": "^1.0.1", "it-length-prefixed-stream": "^2.0.0", "it-stream-types": "^2.0.2", "uint8arraylist": "^2.4.8" } }, "sha512-Dus9qyylOSnC7l75/3qs6j3Fe9MCM2K5luXi9o175DYijFRne5FPucdOGIYdwaDBDQ4Oy34dNCuFobOpcusvEQ=="],

    "it-pushable": ["it-pushable@3.2.3", "", { "dependencies": { "p-defer": "^4.0.0" } }, "sha512-gzYnXYK8Y5t5b/BnJUr7glfQLO4U5vyb05gPx/TyTw+4Bv1zM9gFk4YsOrnulWefMewlphCjKkakFvj1y99Tcg=="],

    "it-queue": ["it-queue@1.1.0", "", { "dependencies": { "abort-error": "^1.0.1", "it-pushable": "^3.2.3", "main-event": "^1.0.0", "race-event": "^1.3.0", "race-signal": "^1.1.3" } }, "sha512-aK9unJRIaJc9qiv53LByhF7/I2AuD7Ro4oLfLieVLL9QXNvRx++ANMpv8yCp2UO0KAtBuf70GOxSYb6ElFVRpQ=="],

    "it-queueless-pushable": ["it-queueless-pushable@2.0.2", "", { "dependencies": { "abort-error": "^1.0.1", "p-defer": "^4.0.1", "race-signal": "^1.1.3" } }, "sha512-2BqIt7XvDdgEgudLAdJkdseAwbVSBc0yAd8yPVHrll4eBuJPWIj9+8C3OIxzEKwhswLtd3bi+yLrzgw9gCyxMA=="],

    "it-reader": ["it-reader@6.0.4", "", { "dependencies": { "it-stream-types": "^2.0.1", "uint8arraylist": "^2.0.0" } }, "sha512-XCWifEcNFFjjBHtor4Sfaj8rcpt+FkY0L6WdhD578SCDhV4VUm7fCkF3dv5a+fTcfQqvN9BsxBTvWbYO6iCjTg=="],

    "it-sort": ["it-sort@3.0.9", "", { "dependencies": { "it-all": "^3.0.0" } }, "sha512-jsM6alGaPiQbcAJdzMsuMh00uJcI+kD9TBoScB8TR75zUFOmHvhSsPi+Dmh2zfVkcoca+14EbfeIZZXTUGH63w=="],

    "it-stream-types": ["it-stream-types@2.0.2", "", {}, "sha512-Rz/DEZ6Byn/r9+/SBCuJhpPATDF9D+dz5pbgSUyBsCDtza6wtNATrz/jz1gDyNanC3XdLboriHnOC925bZRBww=="],

    "it-take": ["it-take@3.0.9", "", {}, "sha512-XMeUbnjOcgrhFXPUqa7H0VIjYSV/BvyxxjCp76QHVAFDJw2LmR1SHxUFiqyGeobgzJr7P2ZwSRRJQGn4D2BVlA=="],

    "json-schema": ["json-schema@0.4.0", "", {}, "sha512-es94M3nTIfsEPisRafak+HDLfHXnKBhV3vU5eqPcS3flIWqcxJWgXHXiey3YrpaNsanY5ei1VoYEbOzijuq9BA=="],

    "json-schema-to-ts": ["json-schema-to-ts@3.1.1", "", { "dependencies": { "@babel/runtime": "^7.18.3", "ts-algebra": "^2.0.0" } }, "sha512-+DWg8jCJG2TEnpy7kOm/7/AxaYoaRbjVB4LFZLySZlWn8exGs3A4OLJR966cVvU26N7X9TWxl+Jsw7dzAqKT6g=="],

    "libp2p": ["libp2p@2.9.0", "", { "dependencies": { "@chainsafe/is-ip": "^2.1.0", "@chainsafe/netmask": "^2.0.0", "@libp2p/crypto": "^5.1.7", "@libp2p/interface": "^2.10.5", "@libp2p/interface-internal": "^2.3.18", "@libp2p/logger": "^5.1.21", "@libp2p/multistream-select": "^6.0.28", "@libp2p/peer-collections": "^6.0.34", "@libp2p/peer-id": "^5.1.8", "@libp2p/peer-store": "^11.2.6", "@libp2p/utils": "^6.7.1", "@multiformats/dns": "^1.0.6", "@multiformats/multiaddr": "^12.4.4", "@multiformats/multiaddr-matcher": "^2.0.0", "any-signal": "^4.1.1", "datastore-core": "^10.0.2", "interface-datastore": "^8.3.1", "it-byte-stream": "^2.0.2", "it-merge": "^3.0.11", "it-parallel": "^3.0.11", "main-event": "^1.0.1", "multiformats": "^13.3.6", "p-defer": "^4.0.1", "p-retry": "^6.2.1", "progress-events": "^1.0.1", "race-event": "^1.3.0", "race-signal": "^1.1.3", "uint8arrays": "^5.1.0" } }, "sha512-gzRnhLY+k9KjYifWQCYbdEfmWqCFdM0TZ5Q7qqdY13sAUKXixK0MF5+Z9LMrm5ELGDPWX7pRVLGK8BOSv5/v3Q=="],

    "loro-crdt": ["loro-crdt@1.8.4", "", {}, "sha512-ZUi7Sf8A5OJ8aHcrUyvF1er2RaaWIe/zNwhprfuFQTXUNu2xavxAqvDtXjvXSDXk/iPPYeYKRe00ApVa3MlqsA=="],

    "main-event": ["main-event@1.0.1", "", {}, "sha512-NWtdGrAca/69fm6DIVd8T9rtfDII4Q8NQbIbsKQq2VzS9eqOGYs8uaNQjcuaCq/d9H/o625aOTJX2Qoxzqw0Pw=="],

    "mortice": ["mortice@3.3.1", "", { "dependencies": { "abort-error": "^1.0.0", "it-queue": "^1.1.0", "main-event": "^1.0.0" } }, "sha512-t3oESfijIPGsmsdLEKjF+grHfrbnKSXflJtgb1wY14cjxZpS6GnhHRXTxxzCAoCCnq1YYfpEPwY3gjiCPhOufQ=="],

    "ms": ["ms@3.0.0-canary.202508261828", "", {}, "sha512-NotsCoUCIUkojWCzQff4ttdCfIPoA1UGZsyQbi7KmqkNRfKCrvga8JJi2PknHymHOuor0cJSn/ylj52Cbt2IrQ=="],

    "multicast-dns": ["multicast-dns@7.2.5", "", { "dependencies": { "dns-packet": "^5.2.2", "thunky": "^1.0.2" }, "bin": { "multicast-dns": "cli.js" } }, "sha512-2eznPJP8z2BFLX50tf0LuODrpINqP1RVIm/CObbTcBRITQgmC/TjcREF1NeTBzIcR5XO/ukWo+YHOjBbFwIupg=="],

    "multiformats": ["multiformats@13.4.1", "", {}, "sha512-VqO6OSvLrFVAYYjgsr8tyv62/rCQhPgsZUXLTqoFLSgdkgiUYKYeArbt1uWLlEpkjxQe+P0+sHlbPEte1Bi06Q=="],

    "netmask": ["netmask@2.0.2", "", {}, "sha512-dBpDMdxv9Irdq66304OLfEmQ9tbNRFnFTuZiLo+bD+r332bBmMJ8GBLXklIXXgxd3+v9+KUnZaUR5PJMa75Gsg=="],

    "p-defer": ["p-defer@4.0.1", "", {}, "sha512-Mr5KC5efvAK5VUptYEIopP1bakB85k2IWXaRC0rsh1uwn1L6M0LVml8OIQ4Gudg4oyZakf7FmeRLkMMtZW1i5A=="],

    "p-event": ["p-event@6.0.1", "", { "dependencies": { "p-timeout": "^6.1.2" } }, "sha512-Q6Bekk5wpzW5qIyUP4gdMEujObYstZl6DMMOSenwBvV0BlE5LkDwkjs5yHbZmdCEq2o4RJx4tE1vwxFVf2FG1w=="],

    "p-queue": ["p-queue@8.1.1", "", { "dependencies": { "eventemitter3": "^5.0.1", "p-timeout": "^6.1.2" } }, "sha512-aNZ+VfjobsWryoiPnEApGGmf5WmNsCo9xu8dfaYamG5qaLP7ClhLN6NgsFe6SwJ2UbLEBK5dv9x8Mn5+RVhMWQ=="],

    "p-retry": ["p-retry@6.2.1", "", { "dependencies": { "@types/retry": "0.12.2", "is-network-error": "^1.0.0", "retry": "^0.13.1" } }, "sha512-hEt02O4hUct5wtwg4H4KcWgDdm+l1bOaEy/hWzd8xtXB9BqxTWBBhb+2ImAtH4Cv4rPjV76xN3Zumqk3k3AhhQ=="],

    "p-timeout": ["p-timeout@6.1.4", "", {}, "sha512-MyIV3ZA/PmyBN/ud8vV9XzwTrNtR4jFrObymZYnZqMmW0zA8Z17vnT0rBgFE/TlohB+YCHqXMgZzb3Csp49vqg=="],

    "progress-events": ["progress-events@1.0.1", "", {}, "sha512-MOzLIwhpt64KIVN64h1MwdKWiyKFNc/S6BoYKPIVUHFg0/eIEyBulhWCgn678v/4c0ri3FdGuzXymNCv02MUIw=="],

    "protons-runtime": ["protons-runtime@5.6.0", "", { "dependencies": { "uint8-varint": "^2.0.2", "uint8arraylist": "^2.4.3", "uint8arrays": "^5.0.1" } }, "sha512-/Kde+sB9DsMFrddJT/UZWe6XqvL7SL5dbag/DBCElFKhkwDj7XKt53S+mzLyaDP5OqS0wXjV5SA572uWDaT0Hg=="],

    "race-event": ["race-event@1.6.1", "", { "dependencies": { "abort-error": "^1.0.1" } }, "sha512-vi7WH5g5KoTFpu2mme/HqZiWH14XSOtg5rfp6raBskBHl7wnmy3F/biAIyY5MsK+BHWhoPhxtZ1Y2R7OHHaWyQ=="],

    "race-signal": ["race-signal@1.1.3", "", {}, "sha512-Mt2NznMgepLfORijhQMncE26IhkmjEphig+/1fKC0OtaKwys/gpvpmswSjoN01SS+VO951mj0L4VIDXdXsjnfA=="],

    "retry": ["retry@0.13.1", "", {}, "sha512-XQBQ3I8W1Cge0Seh+6gjj03LbmRFWuoszgK9ooCpwYIrhhoO80pfq4cUkU5DkknwfOfFteRwlZ56PYOGYyFWdg=="],

    "stream-to-it": ["stream-to-it@1.0.1", "", { "dependencies": { "it-stream-types": "^2.0.1" } }, "sha512-AqHYAYPHcmvMrcLNgncE/q0Aj/ajP6A4qGhxP6EVn7K3YTNs0bJpJyk57wc2Heb7MUL64jurvmnmui8D9kjZgA=="],

    "supports-color": ["supports-color@10.2.2", "", {}, "sha512-SS+jx45GF1QjgEXQx4NJZV9ImqmO2NPz5FNsIHrsDjh2YsHnawpan7SNQ1o8NuhrbHZy9AZhIoCUiCeaW/C80g=="],

    "thunky": ["thunky@1.1.0", "", {}, "sha512-eHY7nBftgThBqOyHGVN+l8gF0BucP09fMo0oO/Lb0w1OF80dJv+lDVpXG60WMQvkcxAkNybKsrEIE3ZtKGmPrA=="],

    "ts-algebra": ["ts-algebra@2.0.0", "", {}, "sha512-FPAhNPFMrkwz76P7cdjdmiShwMynZYN6SgOujD1urY4oNm80Ou9oMdmbR45LotcKOXoy7wSmHkRFE6Mxbrhefw=="],

    "typescript": ["typescript@5.9.3", "", { "bin": { "tsc": "bin/tsc", "tsserver": "bin/tsserver" } }, "sha512-jl1vZzPDinLr9eUt3J/t7V6FgNEw9QjvBPdysz9KfQDD41fQrC2Y4vKQdiaUpFT4bXlb1RHhLpp8wtm6M5TgSw=="],

    "uint8-varint": ["uint8-varint@2.0.4", "", { "dependencies": { "uint8arraylist": "^2.0.0", "uint8arrays": "^5.0.0" } }, "sha512-FwpTa7ZGA/f/EssWAb5/YV6pHgVF1fViKdW8cWaEarjB8t7NyofSWBdOTyFPaGuUG4gx3v1O3PQ8etsiOs3lcw=="],

    "uint8arraylist": ["uint8arraylist@2.4.8", "", { "dependencies": { "uint8arrays": "^5.0.1" } }, "sha512-vc1PlGOzglLF0eae1M8mLRTBivsvrGsdmJ5RbK3e+QRvRLOZfZhQROTwH/OfyF3+ZVUg9/8hE8bmKP2CvP9quQ=="],

    "uint8arrays": ["uint8arrays@5.1.0", "", { "dependencies": { "multiformats": "^13.0.0" } }, "sha512-vA6nFepEmlSKkMBnLBaUMVvAC4G3CTmO58C12y4sq6WPDOR7mOFYOi7GlrQ4djeSbP6JG9Pv9tJDM97PedRSww=="],

    "undici-types": ["undici-types@7.16.0", "", {}, "sha512-Zz+aZWSj8LE6zoxD+xrjh4VfkIG8Ya6LvYkZqtUQGJPZjYl53ypCaUwWqo7eI0x66KBGeRo+mlBEkMSeSZ38Nw=="],

    "weald": ["weald@1.1.0", "", { "dependencies": { "ms": "^3.0.0-canary.1", "supports-color": "^10.0.0" } }, "sha512-wzM8qstGYSnF0mWnr48OjQqs+K6eSy9/jO3Ti4gmOJWRyM5Sed+iWuALQ+pX9nAKQPChv39M6qdVAEL+IH6ONA=="],

    "wherearewe": ["wherearewe@2.0.1", "", { "dependencies": { "is-electron": "^2.2.0" } }, "sha512-XUguZbDxCA2wBn2LoFtcEhXL6AXo+hVjGonwhSTTTU9SzbWG8Xu3onNIpzf9j/mYUcJQ0f+m37SzG77G851uFw=="],

    "zod": ["zod@4.1.12", "", {}, "sha512-JInaHOamG8pt5+Ey8kGmdcAcg3OL9reK8ltczgHTAwNhMys/6ThXHityHxVV2p3fkw/c+MAvBHFVYHFZDmjMCQ=="],

    "@chainsafe/libp2p-noise/it-length-prefixed": ["it-length-prefixed@10.0.1", "", { "dependencies": { "it-reader": "^6.0.1", "it-stream-types": "^2.0.1", "uint8-varint": "^2.0.1", "uint8arraylist": "^2.0.0", "uint8arrays": "^5.0.1" } }, "sha512-BhyluvGps26u9a7eQIpOI1YN7mFgi8lFwmiPi07whewbBARKAG9LE09Odc8s1Wtbt2MB6rNUrl7j9vvfXTJwdQ=="],

    "@libp2p/crypto/@libp2p/interface": ["@libp2p/interface@3.0.2", "", { "dependencies": { "@multiformats/dns": "^1.0.6", "@multiformats/multiaddr": "^13.0.1", "main-event": "^1.0.1", "multiformats": "^13.4.0", "progress-events": "^1.0.1", "uint8arraylist": "^2.4.8" } }, "sha512-nb3H0eu9RPCBjwWUCafSL3TpFmt1Jhe4zgWlV98VrrWhtxg8xaunbEWzfVnU+R2TvV8IAljGw80OcqSst3gBlw=="],

    "@libp2p/crypto/@noble/curves": ["@noble/curves@2.0.1", "", { "dependencies": { "@noble/hashes": "2.0.1" } }, "sha512-vs1Az2OOTBiP4q0pwjW5aF0xp9n4MxVrmkFBxc6EKZc6ddYx5gaZiAsZoq0uRRXWbi3AT/sBqn05eRPtn1JCPw=="],

    "@libp2p/crypto/@noble/hashes": ["@noble/hashes@2.0.1", "", {}, "sha512-XlOlEbQcE9fmuXxrVTXCTlG2nlRXa9Rj3rr5Ue/+tX+nmkgbX720YHh0VR3hBF9xDvwnb8D2shVGOwNx+ulArw=="],

    "@libp2p/multistream-select/it-length-prefixed": ["it-length-prefixed@10.0.1", "", { "dependencies": { "it-reader": "^6.0.1", "it-stream-types": "^2.0.1", "uint8-varint": "^2.0.1", "uint8arraylist": "^2.0.0", "uint8arrays": "^5.0.1" } }, "sha512-BhyluvGps26u9a7eQIpOI1YN7mFgi8lFwmiPi07whewbBARKAG9LE09Odc8s1Wtbt2MB6rNUrl7j9vvfXTJwdQ=="],

    "@libp2p/pubsub/it-length-prefixed": ["it-length-prefixed@10.0.1", "", { "dependencies": { "it-reader": "^6.0.1", "it-stream-types": "^2.0.1", "uint8-varint": "^2.0.1", "uint8arraylist": "^2.0.0", "uint8arrays": "^5.0.1" } }, "sha512-BhyluvGps26u9a7eQIpOI1YN7mFgi8lFwmiPi07whewbBARKAG9LE09Odc8s1Wtbt2MB6rNUrl7j9vvfXTJwdQ=="],

    "@multiformats/dns/p-queue": ["p-queue@9.0.0", "", { "dependencies": { "eventemitter3": "^5.0.1", "p-timeout": "^7.0.0" } }, "sha512-KO1RyxstL9g1mK76530TExamZC/S2Glm080Nx8PE5sTd7nlduDQsAfEl4uXX+qZjLiwvDauvzXavufy3+rJ9zQ=="],

    "@libp2p/crypto/@libp2p/interface/@multiformats/multiaddr": ["@multiformats/multiaddr@13.0.1", "", { "dependencies": { "@chainsafe/is-ip": "^2.0.1", "multiformats": "^13.0.0", "uint8-varint": "^2.0.1", "uint8arrays": "^5.0.0" } }, "sha512-XToN915cnfr6Lr9EdGWakGJbPT0ghpg/850HvdC+zFX8XvpLZElwa8synCiwa8TuvKNnny6m8j8NVBNCxhIO3g=="],

    "@multiformats/dns/p-queue/p-timeout": ["p-timeout@7.0.1", "", {}, "sha512-AxTM2wDGORHGEkPCt8yqxOTMgpfbEHqF51f/5fJCmwFC3C/zNcGT63SymH2ttOAaiIws2zVg4+izQCjrakcwHg=="],
  }
}
